
Microsoft Visual Studio Solution File, Format Version 12.00
# Visual Studio 15
VisualStudioVersion = 15.0.28307.168
MinimumVisualStudioVersion = 10.0.40219.1
Project("{56215841-F520-4EF4-9DB6-200B8534DB2E}") = "Hoshino.API", "Hoshino.API\Hoshino.API.csproj", "{985A6B13-C307-4C8E-A04C-7C08FE5F172C}"
EndProject
Project("{56215841-F520-4EF4-9DB6-200B8534DB2E}") = "Hoshino.Entity", "Hoshino.Entity\Hoshino.Entity.csproj", "{A93874FC-AD4D-4B89-8FED-6C0374D25A04}"
EndProject
Project("{56215841-F520-4EF4-9DB6-200B8534DB2E}") = "Hoshino.IRepository", "Hoshino.IRepository\Hoshino.IRepository.csproj", "{61CB2D9B-2912-4B92-9EBE-EA67E1723EA7}"
EndProject
Project("{56215841-F520-4EF4-9DB6-200B8534DB2E}") = "Hoshino.Repository", "Hoshino.Repository\Hoshino.Repository.csproj", "{2178EBA0-1F80-4460-81DC-CBE195E6198D}"
EndProject
Global
	GlobalSection(SolutionConfigurationPlatforms) = preSolution
		Debug|Any CPU = Debug|Any CPU
		Release|Any CPU = Release|Any CPU
	EndGlobalSection
	GlobalSection(ProjectConfigurationPlatforms) = postSolution
		{985A6B13-C307-4C8E-A04C-7C08FE5F172C}.Debug|Any CPU.ActiveCfg = Debug|Any CPU
		{985A6B13-C307-4C8E-A04C-7C08FE5F172C}.Debug|Any CPU.Build.0 = Debug|Any CPU
		{985A6B13-C307-4C8E-A04C-7C08FE5F172C}.Release|Any CPU.ActiveCfg = Release|Any CPU
		{985A6B13-C307-4C8E-A04C-7C08FE5F172C}.Release|Any CPU.Build.0 = Release|Any CPU
		{A93874FC-AD4D-4B89-8FED-6C0374D25A04}.Debug|Any CPU.ActiveCfg = Debug|Any CPU
		{A93874FC-AD4D-4B89-8FED-6C0374D25A04}.Debug|Any CPU.Build.0 = Debug|Any CPU
		{A93874FC-AD4D-4B89-8FED-6C0374D25A04}.Release|Any CPU.ActiveCfg = Release|Any CPU
		{A93874FC-AD4D-4B89-8FED-6C0374D25A04}.Release|Any CPU.Build.0 = Release|Any CPU
		{61CB2D9B-2912-4B92-9EBE-EA67E1723EA7}.Debug|Any CPU.ActiveCfg = Debug|Any CPU
		{61CB2D9B-2912-4B92-9EBE-EA67E1723EA7}.Debug|Any CPU.Build.0 = Debug|Any CPU
		{61CB2D9B-2912-4B92-9EBE-EA67E1723EA7}.Release|Any CPU.ActiveCfg = Release|Any CPU
		{61CB2D9B-2912-4B92-9EBE-EA67E1723EA7}.Release|Any CPU.Build.0 = Release|Any CPU
		{2178EBA0-1F80-4460-81DC-CBE195E6198D}.Debug|Any CPU.ActiveCfg = Debug|Any CPU
		{2178EBA0-1F80-4460-81DC-CBE195E6198D}.Debug|Any CPU.Build.0 = Debug|Any CPU
		{2178EBA0-1F80-4460-81DC-CBE195E6198D}.Release|Any CPU.ActiveCfg = Release|Any CPU
		{2178EBA0-1F80-4460-81DC-CBE195E6198D}.Release|Any CPU.Build.0 = Release|Any CPU
	EndGlobalSection
	GlobalSection(SolutionProperties) = preSolution
		HideSolutionNode = FALSE
	EndGlobalSection
	GlobalSection(ExtensibilityGlobals) = postSolution
		SolutionGuid = {20F40DFC-E857-4ED3-9E2F-35CC6DF6B72C}
	EndGlobalSection
EndGlobal

